
Microsoft Visual Studio Solution File, Format Version 12.00
# Visual Studio 15
VisualStudioVersion = 15.0.28307.1433
MinimumVisualStudioVersion = 10.0.40219.1
Project("{FAE04EC0-301F-11D3-BF4B-00C04F79EFBC}") = "GeniyIdiotConsoleApp", "GeniyIdiotConsoleApp\GeniyIdiotConsoleApp.csproj", "{A67A83F2-0462-45A5-966C-85154F1F64F5}"
EndProject
Project("{FAE04EC0-301F-11D3-BF4B-00C04F79EFBC}") = "GeniyIdiotFormsApp", "GeniyIdiotFormsApp\GeniyIdiotFormsApp.csproj", "{7327ABB1-9682-4C22-8B9C-C58DC9768F27}"
EndProject
Project("{FAE04EC0-301F-11D3-BF4B-00C04F79EFBC}") = "GeniyIdiotCommoClassLibrary", "GeniyIdiotCommoClassLibrary\GeniyIdiotCommoClassLibrary.csproj", "{DC425B41-4705-4D7A-8FAB-93F8E268A5CC}"
EndProject
Global
	GlobalSection(SolutionConfigurationPlatforms) = preSolution
		Debug|Any CPU = Debug|Any CPU
		Release|Any CPU = Release|Any CPU
	EndGlobalSection
	GlobalSection(ProjectConfigurationPlatforms) = postSolution
		{A67A83F2-0462-45A5-966C-85154F1F64F5}.Debug|Any CPU.ActiveCfg = Debug|Any CPU
		{A67A83F2-0462-45A5-966C-85154F1F64F5}.Debug|Any CPU.Build.0 = Debug|Any CPU
		{A67A83F2-0462-45A5-966C-85154F1F64F5}.Release|Any CPU.ActiveCfg = Release|Any CPU
		{A67A83F2-0462-45A5-966C-85154F1F64F5}.Release|Any CPU.Build.0 = Release|Any CPU
		{7327ABB1-9682-4C22-8B9C-C58DC9768F27}.Debug|Any CPU.ActiveCfg = Debug|Any CPU
		{7327ABB1-9682-4C22-8B9C-C58DC9768F27}.Debug|Any CPU.Build.0 = Debug|Any CPU
		{7327ABB1-9682-4C22-8B9C-C58DC9768F27}.Release|Any CPU.ActiveCfg = Release|Any CPU
		{7327ABB1-9682-4C22-8B9C-C58DC9768F27}.Release|Any CPU.Build.0 = Release|Any CPU
		{DC425B41-4705-4D7A-8FAB-93F8E268A5CC}.Debug|Any CPU.ActiveCfg = Debug|Any CPU
		{DC425B41-4705-4D7A-8FAB-93F8E268A5CC}.Debug|Any CPU.Build.0 = Debug|Any CPU
		{DC425B41-4705-4D7A-8FAB-93F8E268A5CC}.Release|Any CPU.ActiveCfg = Release|Any CPU
		{DC425B41-4705-4D7A-8FAB-93F8E268A5CC}.Release|Any CPU.Build.0 = Release|Any CPU
	EndGlobalSection
	GlobalSection(SolutionProperties) = preSolution
		HideSolutionNode = FALSE
	EndGlobalSection
	GlobalSection(ExtensibilityGlobals) = postSolution
		SolutionGuid = {2EA36D3C-F59A-465D-A3DB-B2D0C09E247C}
	EndGlobalSection
EndGlobal
